// !$*UTF8*$!
{
	archiveVersion = 1;
	classes = {
	};
	objectVersion = 46;
	objects = {

/* Begin PBXBuildFile section */
		A9B84DF81D87FA3400CDA465 /* main.m in Sources */ = {isa = PBXBuildFile; fileRef = A9B84DF71D87FA3400CDA465 /* main.m */; };
		A9B84DFB1D87FA3400CDA465 /* AppDelegate.m in Sources */ = {isa = PBXBuildFile; fileRef = A9B84DFA1D87FA3400CDA465 /* AppDelegate.m */; };
		A9B84DFE1D87FA3500CDA465 /* ViewController.m in Sources */ = {isa = PBXBuildFile; fileRef = A9B84DFD1D87FA3500CDA465 /* ViewController.m */; };
		A9B84E011D87FA3500CDA465 /* Main.storyboard in Resources */ = {isa = PBXBuildFile; fileRef = A9B84DFF1D87FA3500CDA465 /* Main.storyboard */; };
		A9B84E041D87FA3500CDA465 /* IOSproject.xcdatamodeld in Sources */ = {isa = PBXBuildFile; fileRef = A9B84E021D87FA3500CDA465 /* IOSproject.xcdatamodeld */; };
		A9B84E061D87FA3500CDA465 /* Assets.xcassets in Resources */ = {isa = PBXBuildFile; fileRef = A9B84E051D87FA3500CDA465 /* Assets.xcassets */; };
		A9B84E091D87FA3500CDA465 /* LaunchScreen.storyboard in Resources */ = {isa = PBXBuildFile; fileRef = A9B84E071D87FA3500CDA465 /* LaunchScreen.storyboard */; };
/* End PBXBuildFile section */

/* Begin PBXFileReference section */
		A9B84DF31D87FA3400CDA465 /* IOSproject.app */ = {isa = PBXFileReference; explicitFileType = wrapper.application; includeInIndex = 0; path = IOSproject.app; sourceTree = BUILT_PRODUCTS_DIR; };
		A9B84DF71D87FA3400CDA465 /* main.m */ = {isa = PBXFileReference; lastKnownFileType = sourcecode.c.objc; path = main.m; sourceTree = "<group>"; };
		A9B84DF91D87FA3400CDA465 /* AppDelegate.h */ = {isa = PBXFileReference; lastKnownFileType = sourcecode.c.h; path = AppDelegate.h; sourceTree = "<group>"; };
		A9B84DFA1D87FA3400CDA465 /* AppDelegate.m */ = {isa = PBXFileReference; lastKnownFileType = sourcecode.c.objc; path = AppDelegate.m; sourceTree = "<group>"; };
		A9B84DFC1D87FA3400CDA465 /* ViewController.h */ = {isa = PBXFileReference; lastKnownFileType = sourcecode.c.h; path = ViewController.h; sourceTree = "<group>"; };
		A9B84DFD1D87FA3500CDA465 /* ViewController.m */ = {isa = PBXFileReference; lastKnownFileType = sourcecode.c.objc; path = ViewController.m; sourceTree = "<group>"; };
		A9B84E001D87FA3500CDA465 /* Base */ = {isa = PBXFileReference; lastKnownFileType = file.storyboard; name = Base; path = Base.lproj/Main.storyboard; sourceTree = "<group>"; };
		A9B84E031D87FA3500CDA465 /* IOSproject.xcdatamodel */ = {isa = PBXFileReference; lastKnownFileType = wrapper.xcdatamodel; path = IOSproject.xcdatamodel; sourceTree = "<group>"; };
		A9B84E051D87FA3500CDA465 /* Assets.xcassets */ = {isa = PBXFileReference; lastKnownFileType = folder.assetcatalog; path = Assets.xcassets; sourceTree = "<group>"; };
		A9B84E081D87FA3500CDA465 /* Base */ = {isa = PBXFileReference; lastKnownFileType = file.storyboard; name = Base; path = Base.lproj/LaunchScreen.storyboard; sourceTree = "<group>"; };
		A9B84E0A1D87FA3500CDA465 /* Info.plist */ = {isa = PBXFileReference; lastKnownFileType = text.plist.xml; path = Info.plist; sourceTree = "<group>"; };
/* End PBXFileReference section */

/* Begin PBXFrameworksBuildPhase section */
		A9B84DF01D87FA3400CDA465 /* Frameworks */ = {
			isa = PBXFrameworksBuildPhase;
			buildActionMask = 2147483647;
			files = (
			);
			runOnlyForDeploymentPostprocessing = 0;
		};
/* End PBXFrameworksBuildPhase section */

/* Begin PBXGroup section */
		A9B84DEA1D87FA3400CDA465 = {
			isa = PBXGroup;
			children = (
				A9B84DF51D87FA3400CDA465 /* IOSproject */,
				A9B84DF41D87FA3400CDA465 /* Products */,
			);
			sourceTree = "<group>";
		};
		A9B84DF41D87FA3400CDA465 /* Products */ = {
			isa = PBXGroup;
			children = (
				A9B84DF31D87FA3400CDA465 /* IOSproject.app */,
			);
			name = Products;
			sourceTree = "<group>";
		};
		A9B84DF51D87FA3400CDA465 /* IOSproject */ = {
			isa = PBXGroup;
			children = (
				A9B84DF91D87FA3400CDA465 /* AppDelegate.h */,
				A9B84DFA1D87FA3400CDA465 /* AppDelegate.m */,
				A9B84DFC1D87FA3400CDA465 /* ViewController.h */,
				A9B84DFD1D87FA3500CDA465 /* ViewController.m */,
				A9B84DFF1D87FA3500CDA465 /* Main.storyboard */,
				A9B84E051D87FA3500CDA465 /* Assets.xcassets */,
				A9B84E071D87FA3500CDA465 /* LaunchScreen.storyboard */,
				A9B84E0A1D87FA3500CDA465 /* Info.plist */,
				A9B84E021D87FA3500CDA465 /* IOSproject.xcdatamodeld */,
				A9B84DF61D87FA3400CDA465 /* Supporting Files */,
			);
			path = IOSproject;
			sourceTree = "<group>";
		};
		A9B84DF61D87FA3400CDA465 /* Supporting Files */ = {
			isa = PBXGroup;
			children = (
				A9B84DF71D87FA3400CDA465 /* main.m */,
			);
			name = "Supporting Files";
			sourceTree = "<group>";
		};
/* End PBXGroup section */

/* Begin PBXNativeTarget section */
		A9B84DF21D87FA3400CDA465 /* IOSproject */ = {
			isa = PBXNativeTarget;
			buildConfigurationList = A9B84E0D1D87FA3500CDA465 /* Build configuration list for PBXNativeTarget "IOSproject" */;
			buildPhases = (
				A9B84DEF1D87FA3400CDA465 /* Sources */,
				A9B84DF01D87FA3400CDA465 /* Frameworks */,
				A9B84DF11D87FA3400CDA465 /* Resources */,
			);
			buildRules = (
			);
			dependencies = (
			);
			name = IOSproject;
			productName = IOSproject;
			productReference = A9B84DF31D87FA3400CDA465 /* IOSproject.app */;
			productType = "com.apple.product-type.application";
		};
/* End PBXNativeTarget section */

/* Begin PBXProject section */
		A9B84DEB1D87FA3400CDA465 /* Project object */ = {
			isa = PBXProject;
			attributes = {
				LastUpgradeCheck = 0730;
				ORGANIZATIONNAME = CreativeIos;
				TargetAttributes = {
					A9B84DF21D87FA3400CDA465 = {
						CreatedOnToolsVersion = 7.3.1;
					};
				};
			};
			buildConfigurationList = A9B84DEE1D87FA3400CDA465 /* Build configuration list for PBXProject "IOSproject" */;
			compatibilityVersion = "Xcode 3.2";
			developmentRegion = English;
			hasScannedForEncodings = 0;
			knownRegions = (
				en,
				Base,
			);
			mainGroup = A9B84DEA1D87FA3400CDA465;
			productRefGroup = A9B84DF41D87FA3400CDA465 /* Products */;
			projectDirPath = "";
			projectRoot = "";
			targets = (
				A9B84DF21D87FA3400CDA465 /* IOSproject */,
			);
		};
/* End PBXProject section */

/* Begin PBXResourcesBuildPhase section */
		A9B84DF11D87FA3400CDA465 /* Resources */ = {
			isa = PBXResourcesBuildPhase;
			buildActionMask = 2147483647;
			files = (
				A9B84E091D87FA3500CDA465 /* LaunchScreen.storyboard in Resources */,
				A9B84E061D87FA3500CDA465 /* Assets.xcassets in Resources */,
				A9B84E011D87FA3500CDA465 /* Main.storyboard in Resources */,
			);
			runOnlyForDeploymentPostprocessing = 0;
		};
/* End PBXResourcesBuildPhase section */

/* Begin PBXSourcesBuildPhase section */
		A9B84DEF1D87FA3400CDA465 /* Sources */ = {
			isa = PBXSourcesBuildPhase;
			buildActionMask = 2147483647;
			files = (
				A9B84DFE1D87FA3500CDA465 /* ViewController.m in Sources */,
				A9B84E041D87FA3500CDA465 /* IOSproject.xcdatamodeld in Sources */,
				A9B84DFB1D87FA3400CDA465 /* AppDelegate.m in Sources */,
				A9B84DF81D87FA3400CDA465 /* main.m in Sources */,
			);
			runOnlyForDeploymentPostprocessing = 0;
		};
/* End PBXSourcesBuildPhase section */

/* Begin PBXVariantGroup section */
		A9B84DFF1D87FA3500CDA465 /* Main.storyboard */ = {
			isa = PBXVariantGroup;
			children = (
				A9B84E001D87FA3500CDA465 /* Base */,
			);
			name = Main.storyboard;
			sourceTree = "<group>";
		};
		A9B84E071D87FA3500CDA465 /* LaunchScreen.storyboard */ = {
			isa = PBXVariantGroup;
			children = (
				A9B84E081D87FA3500CDA465 /* Base */,
			);
			name = LaunchScreen.storyboard;
			sourceTree = "<group>";
		};
/* End PBXVariantGroup section */

/* Begin XCBuildConfiguration section */
		A9B84E0B1D87FA3500CDA465 /* Debug */ = {
			isa = XCBuildConfiguration;
			buildSettings = {
				ALWAYS_SEARCH_USER_PATHS = NO;
				CLANG_ANALYZER_NONNULL = YES;
				CLANG_CXX_LANGUAGE_STANDARD = "gnu++0x";
				CLANG_CXX_LIBRARY = "libc++";
				CLANG_ENABLE_MODULES = YES;
				CLANG_ENABLE_OBJC_ARC = YES;
				CLANG_WARN_BOOL_CONVERSION = YES;
				CLANG_WARN_CONSTANT_CONVERSION = YES;
				CLANG_WARN_DIRECT_OBJC_ISA_USAGE = YES_ERROR;
				CLANG_WARN_EMPTY_BODY = YES;
				CLANG_WARN_ENUM_CONVERSION = YES;
				CLANG_WARN_INT_CONVERSION = YES;
				CLANG_WARN_OBJC_ROOT_CLASS = YES_ERROR;
				CLANG_WARN_UNREACHABLE_CODE = YES;
				CLANG_WARN__DUPLICATE_METHOD_MATCH = YES;
				"CODE_SIGN_IDENTITY[sdk=iphoneos*]" = "iPhone Developer";
				COPY_PHASE_STRIP = NO;
				DEBUG_INFORMATION_FORMAT = dwarf;
				ENABLE_STRICT_OBJC_MSGSEND = YES;
				ENABLE_TESTABILITY = YES;
				GCC_C_LANGUAGE_STANDARD = gnu99;
				GCC_DYNAMIC_NO_PIC = NO;
				GCC_NO_COMMON_BLOCKS = YES;
				GCC_OPTIMIZATION_LEVEL = 0;
				GCC_PREPROCESSOR_DEFINITIONS = (
					"DEBUG=1",
					"$(inherited)",
				);
				GCC_WARN_64_TO_32_BIT_CONVERSION = YES;
				GCC_WARN_ABOUT_RETURN_TYPE = YES_ERROR;
				GCC_WARN_UNDECLARED_SELECTOR = YES;
				GCC_WARN_UNINITIALIZED_AUTOS = YES_AGGRESSIVE;
				GCC_WARN_UNUSED_FUNCTION = YES;
				GCC_WARN_UNUSED_VARIABLE = YES;
				IPHONEOS_DEPLOYMENT_TARGET = 9.3;
				MTL_ENABLE_DEBUG_INFO = YES;
				ONLY_ACTIVE_ARCH = YES;
				SDKROOT = iphoneos;
			};
			name = Debug;
		};
		A9B84E0C1D87FA3500CDA465 /* Release */ = {
			isa = XCBuildConfiguration;
			buildSettings = {
				ALWAYS_SEARCH_USER_PATHS = NO;
				CLANG_ANALYZER_NONNULL = YES;
				CLANG_CXX_LANGUAGE_STANDARD = "gnu++0x";
				CLANG_CXX_LIBRARY = "libc++";
				CLANG_ENABLE_MODULES = YES;
				CLANG_ENABLE_OBJC_ARC = YES;
				CLANG_WARN_BOOL_CONVERSION = YES;
				CLANG_WARN_CONSTANT_CONVERSION = YES;
				CLANG_WARN_DIRECT_OBJC_ISA_USAGE = YES_ERROR;
				CLANG_WARN_EMPTY_BODY = YES;
				CLANG_WARN_ENUM_CONVERSION = YES;
				CLANG_WARN_INT_CONVERSION = YES;
				CLANG_WARN_OBJC_ROOT_CLASS = YES_ERROR;
				CLANG_WARN_UNREACHABLE_CODE = YES;
				CLANG_WARN__DUPLICATE_METHOD_MATCH = YES;
				"CODE_SIGN_IDENTITY[sdk=iphoneos*]" = "iPhone Developer";
				COPY_PHASE_STRIP = NO;
				DEBUG_INFORMATION_FORMAT = "dwarf-with-dsym";
				ENABLE_NS_ASSERTIONS = NO;
				ENABLE_STRICT_OBJC_MSGSEND = YES;
				GCC_C_LANGUAGE_STANDARD = gnu99;
				GCC_NO_COMMON_BLOCKS = YES;
				GCC_WARN_64_TO_32_BIT_CONVERSION = YES;
				GCC_WARN_ABOUT_RETURN_TYPE = YES_ERROR;
				GCC_WARN_UNDECLARED_SELECTOR = YES;
				GCC_WARN_UNINITIALIZED_AUTOS = YES_AGGRESSIVE;
				GCC_WARN_UNUSED_FUNCTION = YES;
				GCC_WARN_UNUSED_VARIABLE = YES;
				IPHONEOS_DEPLOYMENT_TARGET = 9.3;
				MTL_ENABLE_DEBUG_INFO = NO;
				SDKROOT = iphoneos;
				VALIDATE_PRODUCT = YES;
			};
			name = Release;
		};
		A9B84E0E1D87FA3500CDA465 /* Debug */ = {
			isa = XCBuildConfiguration;
			buildSettings = {
				ASSETCATALOG_COMPILER_APPICON_NAME = AppIcon;
				INFOPLIST_FILE = IOSproject/Info.plist;
				LD_RUNPATH_SEARCH_PATHS = "$(inherited) @executable_path/Frameworks";
				PRODUCT_BUNDLE_IDENTIFIER = CreativeIos.IOSproject;
				PRODUCT_NAME = "$(TARGET_NAME)";
			};
			name = Debug;
		};
		A9B84E0F1D87FA3500CDA465 /* Release */ = {
			isa = XCBuildConfiguration;
			buildSettings = {
				ASSETCATALOG_COMPILER_APPICON_NAME = AppIcon;
				INFOPLIST_FILE = IOSproject/Info.plist;
				LD_RUNPATH_SEARCH_PATHS = "$(inherited) @executable_path/Frameworks";
				PRODUCT_BUNDLE_IDENTIFIER = CreativeIos.IOSproject;
				PRODUCT_NAME = "$(TARGET_NAME)";
			};
			name = Release;
		};
/* End XCBuildConfiguration section */

/* Begin XCConfigurationList section */
		A9B84DEE1D87FA3400CDA465 /* Build configuration list for PBXProject "IOSproject" */ = {
			isa = XCConfigurationList;
			buildConfigurations = (
				A9B84E0B1D87FA3500CDA465 /* Debug */,
				A9B84E0C1D87FA3500CDA465 /* Release */,
			);
			defaultConfigurationIsVisible = 0;
			defaultConfigurationName = Release;
		};
		A9B84E0D1D87FA3500CDA465 /* Build configuration list for PBXNativeTarget "IOSproject" */ = {
			isa = XCConfigurationList;
			buildConfigurations = (
				A9B84E0E1D87FA3500CDA465 /* Debug */,
				A9B84E0F1D87FA3500CDA465 /* Release */,
			);
			defaultConfigurationIsVisible = 0;
		};
/* End XCConfigurationList section */

/* Begin XCVersionGroup section */
		A9B84E021D87FA3500CDA465 /* IOSproject.xcdatamodeld */ = {
			isa = XCVersionGroup;
			children = (
				A9B84E031D87FA3500CDA465 /* IOSproject.xcdatamodel */,
			);
			currentVersion = A9B84E031D87FA3500CDA465 /* IOSproject.xcdatamodel */;
			path = IOSproject.xcdatamodeld;
			sourceTree = "<group>";
			versionGroupType = wrapper.xcdatamodel;
		};
/* End XCVersionGroup section */
	};
	rootObject = A9B84DEB1D87FA3400CDA465 /* Project object */;
}
